
Microsoft Visual Studio Solution File, Format Version 12.00
# Visual Studio Version 17
VisualStudioVersion = 17.5.33516.290
MinimumVisualStudioVersion = 10.0.40219.1
Project("{9A19103F-16F7-4668-BE54-9A1E7A4F7556}") = "BookReviewing_MVC", "Crud3\BookReviewing_MVC.csproj", "{5F5C4223-D6B1-4621-BD05-CCD2E338C85A}"
EndProject
Global
	GlobalSection(SolutionConfigurationPlatforms) = preSolution
		Debug|Any CPU = Debug|Any CPU
		Release|Any CPU = Release|Any CPU
	EndGlobalSection
	GlobalSection(ProjectConfigurationPlatforms) = postSolution
		{5F5C4223-D6B1-4621-BD05-CCD2E338C85A}.Debug|Any CPU.ActiveCfg = Debug|Any CPU
		{5F5C4223-D6B1-4621-BD05-CCD2E338C85A}.Debug|Any CPU.Build.0 = Debug|Any CPU
		{5F5C4223-D6B1-4621-BD05-CCD2E338C85A}.Release|Any CPU.ActiveCfg = Release|Any CPU
		{5F5C4223-D6B1-4621-BD05-CCD2E338C85A}.Release|Any CPU.Build.0 = Release|Any CPU
	EndGlobalSection
	GlobalSection(SolutionProperties) = preSolution
		HideSolutionNode = FALSE
	EndGlobalSection
	GlobalSection(ExtensibilityGlobals) = postSolution
		SolutionGuid = {C8291702-2125-46BB-B52B-953791064199}
	EndGlobalSection
EndGlobal
